---
lockfileVersion: 1
lockfileVendor: redhat
arches:
- arch: aarch64
  packages:
  - url: https://cdn-ubi.redhat.com/content/public/ubi/dist/ubi9/9/aarch64/appstream/os/Packages/g/glib2-devel-2.68.4-18.el9_7.aarch64.rpm
    repoid: ubi-9-for-aarch64-appstream-rpms
    size: 562642
    checksum: sha256:c8197e152d3f83d3d615e2c700b3651b6f225051a98a1ef9fca3d091a3ba0d41
    name: glib2-devel
    evr: 2.68.4-18.el9_7
    sourcerpm: glib2-2.68.4-18.el9_7.src.rpm
  - url: https://cdn-ubi.redhat.com/content/public/ubi/dist/ubi9/9/aarch64/appstream/os/Packages/l/libblkid-devel-2.37.4-21.el9.aarch64.rpm
    repoid: ubi-9-for-aarch64-appstream-rpms
    size: 18820
    checksum: sha256:41a14a958ddb7b3dd1f01f3ac19a75156e551d088c1fc7e5d77e060119537ee3
    name: libblkid-devel
    evr: 2.37.4-21.el9
    sourcerpm: util-linux-2.37.4-21.el9.src.rpm
  - url: https://cdn-ubi.redhat.com/content/public/ubi/dist/ubi9/9/aarch64/appstream/os/Packages/l/libffi-devel-3.4.2-8.el9.aarch64.rpm
    repoid: ubi-9-for-aarch64-appstream-rpms
    size: 31109
    checksum: sha256:5cbe643ebd6c7608b127ccb0eaff9320db2e77b60dd79a3bfbf1b49cd1877bd6
    name: libffi-devel
    evr: 3.4.2-8.el9
    sourcerpm: libffi-3.4.2-8.el9.src.rpm
  - url: https://cdn-ubi.redhat.com/content/public/ubi/dist/ubi9/9/aarch64/appstream/os/Packages/l/libgpg-error-devel-1.42-5.el9.aarch64.rpm
    repoid: ubi-9-for-aarch64-appstream-rpms
    size: 70304
    checksum: sha256:0d815a4a6adc7b4a5bf19770ae55308c997af8e50274fe3f2b8fc4aeaccc086c
    name: libgpg-error-devel
    evr: 1.42-5.el9
    sourcerpm: libgpg-error-1.42-5.el9.src.rpm
  - url: https://cdn-ubi.redhat.com/content/public/ubi/dist/ubi9/9/aarch64/appstream/os/Packages/l/libmount-devel-2.37.4-21.el9.aarch64.rpm
    repoid: ubi-9-for-aarch64-appstream-rpms
    size: 19507
    checksum: sha256:cc916cb9374d41ccd421f89f9330310ebc8e9980386194c2f80dd409805ffba8
    name: libmount-devel
    evr: 2.37.4-21.el9
    sourcerpm: util-linux-2.37.4-21.el9.src.rpm
  - url: https://cdn-ubi.redhat.com/content/public/ubi/dist/ubi9/9/aarch64/appstream/os/Packages/l/libselinux-devel-3.6-3.el9.aarch64.rpm
    repoid: ubi-9-for-aarch64-appstream-rpms
    size: 166975
    checksum: sha256:72c7fe8206d0eefa506962f2f3e3e15be9c3dca8d6d9d968e9983c9727557cc1
    name: libselinux-devel
    evr: 3.6-3.el9
    sourcerpm: libselinux-3.6-3.el9.src.rpm
  - url: https://cdn-ubi.redhat.com/content/public/ubi/dist/ubi9/9/aarch64/appstream/os/Packages/l/libsepol-devel-3.6-3.el9.aarch64.rpm
    repoid: ubi-9-for-aarch64-appstream-rpms
    size: 52234
    checksum: sha256:4400c6eada78369b0be71e9c9ea350835d9d9c70e8347fc7d003113d1504edb2
    name: libsepol-devel
    evr: 3.6-3.el9
    sourcerpm: libsepol-3.6-3.el9.src.rpm
  - url: https://cdn-ubi.redhat.com/content/public/ubi/dist/ubi9/9/aarch64/appstream/os/Packages/o/oniguruma-6.9.6-1.el9.5.aarch64.rpm
    repoid: ubi-9-for-aarch64-appstream-rpms
    size: 222582
    checksum: sha256:bc2305dad655ddb94f966158112efd6cefa6824d5aa2e80f63881f16cee74598
    name: oniguruma
    evr: 6.9.6-1.el9.5
    sourcerpm: oniguruma-6.9.6-1.el9.5.src.rpm
  - url: https://cdn-ubi.redhat.com/content/public/ubi/dist/ubi9/9/aarch64/appstream/os/Packages/p/pcre-cpp-8.44-4.el9.aarch64.rpm
    repoid: ubi-9-for-aarch64-appstream-rpms
    size: 26773
    checksum: sha256:c2fe0ce9b973902ef670187fbc8a6ab061f77a371dcd26afdb8b08b2a7f8527a
    name: pcre-cpp
    evr: 8.44-4.el9
    sourcerpm: pcre-8.44-4.el9.src.rpm
  - url: https://cdn-ubi.redhat.com/content/public/ubi/dist/ubi9/9/aarch64/appstream/os/Packages/p/pcre-devel-8.44-4.el9.aarch64.rpm
    repoid: ubi-9-for-aarch64-appstream-rpms
    size: 522441
    checksum: sha256:3b4d4cf28fa8a4970fa0d20c0c34056aa8b04516764f1fe99ef7a7be3dcec438
    name: pcre-devel
    evr: 8.44-4.el9
    sourcerpm: pcre-8.44-4.el9.src.rpm
  - url: https://cdn-ubi.redhat.com/content/public/ubi/dist/ubi9/9/aarch64/appstream/os/Packages/p/pcre-utf16-8.44-4.el9.aarch64.rpm
    repoid: ubi-9-for-aarch64-appstream-rpms
    size: 172108
    checksum: sha256:46d829467bc41118a15fcef940dd18a247b6610d61af26e9074acbc6c761f5d9
    name: pcre-utf16
    evr: 8.44-4.el9
    sourcerpm: pcre-8.44-4.el9.src.rpm
  - url: https://cdn-ubi.redhat.com/content/public/ubi/dist/ubi9/9/aarch64/appstream/os/Packages/p/pcre-utf32-8.44-4.el9.aarch64.rpm
    repoid: ubi-9-for-aarch64-appstream-rpms
    size: 164050
    checksum: sha256:c56242c8c7f82bd797e8370679fcf692f52c60d138c9850dd0f3b3a50cf3a0ae
    name: pcre-utf32
    evr: 8.44-4.el9
    sourcerpm: pcre-8.44-4.el9.src.rpm
  - url: https://cdn-ubi.redhat.com/content/public/ubi/dist/ubi9/9/aarch64/appstream/os/Packages/p/pcre2-devel-10.40-6.el9.aarch64.rpm
    repoid: ubi-9-for-aarch64-appstream-rpms
    size: 528574
    checksum: sha256:58600c82959cc9ed11bf8e353a1744faf1bad7629dde5efcccc2e620fbc601ea
    name: pcre2-devel
    evr: 10.40-6.el9
    sourcerpm: pcre2-10.40-6.el9.src.rpm
  - url: https://cdn-ubi.redhat.com/content/public/ubi/dist/ubi9/9/aarch64/appstream/os/Packages/p/pcre2-utf16-10.40-6.el9.aarch64.rpm
    repoid: ubi-9-for-aarch64-appstream-rpms
    size: 202210
    checksum: sha256:10fa13474654d43c785714d2250aa5db45a52b672d6ef2ba35d168e86522d5d4
    name: pcre2-utf16
    evr: 10.40-6.el9
    sourcerpm: pcre2-10.40-6.el9.src.rpm
  - url: https://cdn-ubi.redhat.com/content/public/ubi/dist/ubi9/9/aarch64/appstream/os/Packages/p/pcre2-utf32-10.40-6.el9.aarch64.rpm
    repoid: ubi-9-for-aarch64-appstream-rpms
    size: 192622
    checksum: sha256:7a953c81ff18f05fba47b636e813b410e938db1f934c63b207b14bf0b52c4ad3
    name: pcre2-utf32
    evr: 10.40-6.el9
    sourcerpm: pcre2-10.40-6.el9.src.rpm
  - url: https://cdn-ubi.redhat.com/content/public/ubi/dist/ubi9/9/aarch64/appstream/os/Packages/p/python-unversioned-command-3.9.23-2.el9.noarch.rpm
    repoid: ubi-9-for-aarch64-appstream-rpms
    size: 9209
    checksum: sha256:20ed4bbcb151aef651eb315825d3a02e0f6203ab1b858e94812258f5b41ce703
    name: python-unversioned-command
    evr: 3.9.23-2.el9
    sourcerpm: python3.9-3.9.23-2.el9.src.rpm
  - url: https://cdn-ubi.redhat.com/content/public/ubi/dist/ubi9/9/aarch64/appstream/os/Packages/s/sysprof-capture-devel-3.40.1-3.el9.aarch64.rpm
    repoid: ubi-9-for-aarch64-appstream-rpms
    size: 66841
    checksum: sha256:47307f58e4707dc31c1bf096e095653aff30837cea5cb4a8820c4c6d57870eb3
    name: sysprof-capture-devel
    evr: 3.40.1-3.el9
    sourcerpm: sysprof-3.40.1-3.el9.src.rpm
  - url: https://cdn-ubi.redhat.com/content/public/ubi/dist/ubi9/9/aarch64/appstream/os/Packages/z/zlib-devel-1.2.11-40.el9.aarch64.rpm
    repoid: ubi-9-for-aarch64-appstream-rpms
    size: 47965
    checksum: sha256:ec1e974313c06f71a11a0732b9b08ef588e3cc58bd7ee0c02df792a1b196f60b
    name: zlib-devel
    evr: 1.2.11-40.el9
    sourcerpm: zlib-1.2.11-40.el9.src.rpm
  - url: https://cdn-ubi.redhat.com/content/public/ubi/dist/ubi9/9/aarch64/baseos/os/Packages/e/elfutils-libelf-0.193-1.el9.aarch64.rpm
    repoid: ubi-9-for-aarch64-baseos-rpms
    size: 208617
    checksum: sha256:481f731dd9877eedebe6b99cb1af171e091ce59265aa6bbee04f9b6b589c9ce6
    name: elfutils-libelf
    evr: 0.193-1.el9
    sourcerpm: elfutils-0.193-1.el9.src.rpm
  - url: https://cdn-ubi.redhat.com/content/public/ubi/dist/ubi9/9/aarch64/baseos/os/Packages/e/expat-2.5.0-5.el9_7.1.aarch64.rpm
    repoid: ubi-9-for-aarch64-baseos-rpms
    size: 114334
    checksum: sha256:1129f05857f5fad3f7755514591fa22cedda810f541476e3a54b6257a4846341
    name: expat
    evr: 2.5.0-5.el9_7.1
    sourcerpm: expat-2.5.0-5.el9_7.1.src.rpm
  - url: https://cdn-ubi.redhat.com/content/public/ubi/dist/ubi9/9/aarch64/baseos/os/Packages/j/jq-1.6-19.el9.aarch64.rpm
    repoid: ubi-9-for-aarch64-baseos-rpms
    size: 185334
    checksum: sha256:a70a2f81df88595008fb897ee875af42150e11d1420b6e4989d40628816d4731
    name: jq
    evr: 1.6-19.el9
    sourcerpm: jq-1.6-19.el9.src.rpm
  - url: https://cdn-ubi.redhat.com/content/public/ubi/dist/ubi9/9/aarch64/baseos/os/Packages/l/libpkgconf-1.7.3-10.el9.aarch64.rpm
    repoid: ubi-9-for-aarch64-baseos-rpms
    size: 38310
    checksum: sha256:9bdfccf6b092e0683aa6984f7c6caa737b30c0b1495e16abb03b5d1a5f8e787a
    name: libpkgconf
    evr: 1.7.3-10.el9
    sourcerpm: pkgconf-1.7.3-10.el9.src.rpm
  - url: https://cdn-ubi.redhat.com/content/public/ubi/dist/ubi9/9/aarch64/baseos/os/Packages/p/pkgconf-1.7.3-10.el9.aarch64.rpm
    repoid: ubi-9-for-aarch64-baseos-rpms
    size: 45196
    checksum: sha256:aa38a3951a690d721a815ea8f9b01995a85f35a8540d8075205821011d0385e6
    name: pkgconf
    evr: 1.7.3-10.el9
    sourcerpm: pkgconf-1.7.3-10.el9.src.rpm
  - url: https://cdn-ubi.redhat.com/content/public/ubi/dist/ubi9/9/aarch64/baseos/os/Packages/p/pkgconf-m4-1.7.3-10.el9.noarch.rpm
    repoid: ubi-9-for-aarch64-baseos-rpms
    size: 16054
    checksum: sha256:91bafd6e06099451f60288327b275cfcc651822f6145176a157c6b0fa5131e02
    name: pkgconf-m4
    evr: 1.7.3-10.el9
    sourcerpm: pkgconf-1.7.3-10.el9.src.rpm
  - url: https://cdn-ubi.redhat.com/content/public/ubi/dist/ubi9/9/aarch64/baseos/os/Packages/p/pkgconf-pkg-config-1.7.3-10.el9.aarch64.rpm
    repoid: ubi-9-for-aarch64-baseos-rpms
    size: 12398
    checksum: sha256:47f1f744f96a2f3d360bc129837738dcebb1ee5032effc4472a891eea1d6a907
    name: pkgconf-pkg-config
    evr: 1.7.3-10.el9
    sourcerpm: pkgconf-1.7.3-10.el9.src.rpm
  - url: https://cdn-ubi.redhat.com/content/public/ubi/dist/ubi9/9/aarch64/baseos/os/Packages/p/python3-3.9.23-2.el9.aarch64.rpm
    repoid: ubi-9-for-aarch64-baseos-rpms
    size: 26208
    checksum: sha256:61362064f2fad6a572a4b52dedac8a4f7aa2b80bf91c914d35d4608272a3a86b
    name: python3
    evr: 3.9.23-2.el9
    sourcerpm: python3.9-3.9.23-2.el9.src.rpm
  - url: https://cdn-ubi.redhat.com/content/public/ubi/dist/ubi9/9/aarch64/baseos/os/Packages/p/python3-libs-3.9.23-2.el9.aarch64.rpm
    repoid: ubi-9-for-aarch64-baseos-rpms
    size: 8464402
    checksum: sha256:433d9fc1e3b431d206334cd6271e92b53a1b40b805dc265c772b3f0935cda9ea
    name: python3-libs
    evr: 3.9.23-2.el9
    sourcerpm: python3.9-3.9.23-2.el9.src.rpm
  - url: https://cdn-ubi.redhat.com/content/public/ubi/dist/ubi9/9/aarch64/baseos/os/Packages/p/python3-pip-wheel-21.3.1-1.el9.noarch.rpm
    repoid: ubi-9-for-aarch64-baseos-rpms
    size: 1193706
    checksum: sha256:75c46aab03898c66ce16be556432b71aed7efcedce02b9263339c14f57b4fdc0
    name: python3-pip-wheel
    evr: 21.3.1-1.el9
    sourcerpm: python-pip-21.3.1-1.el9.src.rpm
  - url: https://cdn-ubi.redhat.com/content/public/ubi/dist/ubi9/9/aarch64/baseos/os/Packages/p/python3-setuptools-wheel-53.0.0-15.el9.noarch.rpm
    repoid: ubi-9-for-aarch64-baseos-rpms
    size: 479203
    checksum: sha256:36dacb345e21bc0308ef2508f0c93995520a15ef0b56aab3593186c8dc9c0c5a
    name: python3-setuptools-wheel
    evr: 53.0.0-15.el9
    sourcerpm: python-setuptools-53.0.0-15.el9.src.rpm
  - url: https://cdn-ubi.redhat.com/content/public/ubi/dist/ubi9/9/aarch64/codeready-builder/os/Packages/g/gpgme-devel-1.15.1-6.el9.aarch64.rpm
    repoid: codeready-builder-for-ubi-9-aarch64-rpms
    size: 169701
    checksum: sha256:fd33333376d49ad4260b7d1d3244b776e7152285a008a1b8dc0bb4ea0679e67d
    name: gpgme-devel
    evr: 1.15.1-6.el9
    sourcerpm: gpgme-1.15.1-6.el9.src.rpm
  - url: https://cdn-ubi.redhat.com/content/public/ubi/dist/ubi9/9/aarch64/codeready-builder/os/Packages/l/libassuan-devel-2.5.5-3.el9.aarch64.rpm
    repoid: codeready-builder-for-ubi-9-aarch64-rpms
    size: 66558
    checksum: sha256:6d9f0d4616ac24b91eea9207b5ca5a742c634bf786ef044a4f712c3916d0d5bd
    name: libassuan-devel
    evr: 2.5.5-3.el9
    sourcerpm: libassuan-2.5.5-3.el9.src.rpm
  source: []
  module_metadata: []
- arch: x86_64
  packages:
  - url: https://cdn-ubi.redhat.com/content/public/ubi/dist/ubi9/9/x86_64/appstream/os/Packages/g/glib2-devel-2.68.4-18.el9_7.x86_64.rpm
    repoid: ubi-9-for-x86_64-appstream-rpms
    size: 562955
    checksum: sha256:a92921a6541a470f8ee54756affdc99efc46f53b55a894f3ed1a13bd3953f819
    name: glib2-devel
    evr: 2.68.4-18.el9_7
    sourcerpm: glib2-2.68.4-18.el9_7.src.rpm
  - url: https://cdn-ubi.redhat.com/content/public/ubi/dist/ubi9/9/x86_64/appstream/os/Packages/l/libblkid-devel-2.37.4-21.el9.x86_64.rpm
    repoid: ubi-9-for-x86_64-appstream-rpms
    size: 18854
    checksum: sha256:f0bcbd0d6d96405d96e6a5326ec382d37133af36b6f8c491506b4e2e2785f702
    name: libblkid-devel
    evr: 2.37.4-21.el9
    sourcerpm: util-linux-2.37.4-21.el9.src.rpm
  - url: https://cdn-ubi.redhat.com/content/public/ubi/dist/ubi9/9/x86_64/appstream/os/Packages/l/libffi-devel-3.4.2-8.el9.x86_64.rpm
    repoid: ubi-9-for-x86_64-appstream-rpms
    size: 32520
    checksum: sha256:cd74ba2a4bac6b9f7df20e50915e0aeee6581dd815d3a388eb3f9c45565cef68
    name: libffi-devel
    evr: 3.4.2-8.el9
    sourcerpm: libffi-3.4.2-8.el9.src.rpm
  - url: https://cdn-ubi.redhat.com/content/public/ubi/dist/ubi9/9/x86_64/appstream/os/Packages/l/libgpg-error-devel-1.42-5.el9.x86_64.rpm
    repoid: ubi-9-for-x86_64-appstream-rpms
    size: 70899
    checksum: sha256:3bbaa1add2e083a43ce0cb9e1c1a35ad8a5e8f2f56280b8f1ab241194acc56d6
    name: libgpg-error-devel
    evr: 1.42-5.el9
    sourcerpm: libgpg-error-1.42-5.el9.src.rpm
  - url: https://cdn-ubi.redhat.com/content/public/ubi/dist/ubi9/9/x86_64/appstream/os/Packages/l/libmount-devel-2.37.4-21.el9.x86_64.rpm
    repoid: ubi-9-for-x86_64-appstream-rpms
    size: 19542
    checksum: sha256:b6cc197e511d7326496d6b4a14614b972bcd3e7170d7d5736073139891a775b5
    name: libmount-devel
    evr: 2.37.4-21.el9
    sourcerpm: util-linux-2.37.4-21.el9.src.rpm
  - url: https://cdn-ubi.redhat.com/content/public/ubi/dist/ubi9/9/x86_64/appstream/os/Packages/l/libselinux-devel-3.6-3.el9.x86_64.rpm
    repoid: ubi-9-for-x86_64-appstream-rpms
    size: 166987
    checksum: sha256:7a6edd1eea0907f10a43ca35b1d0845a72d25901c6fe037bb9cd0a7876c7c338
    name: libselinux-devel
    evr: 3.6-3.el9
    sourcerpm: libselinux-3.6-3.el9.src.rpm
  - url: https://cdn-ubi.redhat.com/content/public/ubi/dist/ubi9/9/x86_64/appstream/os/Packages/l/libsepol-devel-3.6-3.el9.x86_64.rpm
    repoid: ubi-9-for-x86_64-appstream-rpms
    size: 52271
    checksum: sha256:9706feb22f9a935b86ce91833637dd8cb567f379c008fc63dd070fdd6ce75036
    name: libsepol-devel
    evr: 3.6-3.el9
    sourcerpm: libsepol-3.6-3.el9.src.rpm
  - url: https://cdn-ubi.redhat.com/content/public/ubi/dist/ubi9/9/x86_64/appstream/os/Packages/l/libxcrypt-compat-4.4.18-3.el9.x86_64.rpm
    repoid: ubi-9-for-x86_64-appstream-rpms
    size: 93189
    checksum: sha256:2bd6c288e1970a001d3a1ae69166c0d926d9c87ce892edcb2110f4e142c12a7a
    name: libxcrypt-compat
    evr: 4.4.18-3.el9
    sourcerpm: libxcrypt-4.4.18-3.el9.src.rpm
  - url: https://cdn-ubi.redhat.com/content/public/ubi/dist/ubi9/9/x86_64/appstream/os/Packages/o/oniguruma-6.9.6-1.el9.5.x86_64.rpm
    repoid: ubi-9-for-x86_64-appstream-rpms
    size: 226331
    checksum: sha256:6c884cc2216e5b4699ebd8cde27b39e99532520b367f645ed6cc660d081916dc
    name: oniguruma
    evr: 6.9.6-1.el9.5
    sourcerpm: oniguruma-6.9.6-1.el9.5.src.rpm
  - url: https://cdn-ubi.redhat.com/content/public/ubi/dist/ubi9/9/x86_64/appstream/os/Packages/p/pcre-cpp-8.44-4.el9.x86_64.rpm
    repoid: ubi-9-for-x86_64-appstream-rpms
    size: 27327
    checksum: sha256:8d627da32ee74ce4855162c6b592d1693084645d078ca3c229af138dd9da5f2a
    name: pcre-cpp
    evr: 8.44-4.el9
    sourcerpm: pcre-8.44-4.el9.src.rpm
  - url: https://cdn-ubi.redhat.com/content/public/ubi/dist/ubi9/9/x86_64/appstream/os/Packages/p/pcre-devel-8.44-4.el9.x86_64.rpm
    repoid: ubi-9-for-x86_64-appstream-rpms
    size: 522466
    checksum: sha256:9e164aa48810dbdf2d8373dfaccdccf7a51c78c75a2c459074d41e661aa6a665
    name: pcre-devel
    evr: 8.44-4.el9
    sourcerpm: pcre-8.44-4.el9.src.rpm
  - url: https://cdn-ubi.redhat.com/content/public/ubi/dist/ubi9/9/x86_64/appstream/os/Packages/p/pcre-utf16-8.44-4.el9.x86_64.rpm
    repoid: ubi-9-for-x86_64-appstream-rpms
    size: 190856
    checksum: sha256:bab46d49557b6f8a20e1c367e22bf9c7a6b802e97e6acb506ccb1fd5c06debe3
    name: pcre-utf16
    evr: 8.44-4.el9
    sourcerpm: pcre-8.44-4.el9.src.rpm
  - url: https://cdn-ubi.redhat.com/content/public/ubi/dist/ubi9/9/x86_64/appstream/os/Packages/p/pcre-utf32-8.44-4.el9.x86_64.rpm
    repoid: ubi-9-for-x86_64-appstream-rpms
    size: 181048
    checksum: sha256:1c9aad468e260629903304f29bac36faddb3960e67dc543502c4ec7900d84f01
    name: pcre-utf32
    evr: 8.44-4.el9
    sourcerpm: pcre-8.44-4.el9.src.rpm
  - url: https://cdn-ubi.redhat.com/content/public/ubi/dist/ubi9/9/x86_64/appstream/os/Packages/p/pcre2-devel-10.40-6.el9.x86_64.rpm
    repoid: ubi-9-for-x86_64-appstream-rpms
    size: 528624
    checksum: sha256:f2fa0c49019f12b9c01986c1d05ffc83863ac7b47b8e348d6357e7fbdf3b17e3
    name: pcre2-devel
    evr: 10.40-6.el9
    sourcerpm: pcre2-10.40-6.el9.src.rpm
  - url: https://cdn-ubi.redhat.com/content/public/ubi/dist/ubi9/9/x86_64/appstream/os/Packages/p/pcre2-utf16-10.40-6.el9.x86_64.rpm
    repoid: ubi-9-for-x86_64-appstream-rpms
    size: 220256
    checksum: sha256:935664188bce50473e3c148fc9d71167d3881fc2de9ccc99394c03d00e8ff5b3
    name: pcre2-utf16
    evr: 10.40-6.el9
    sourcerpm: pcre2-10.40-6.el9.src.rpm
  - url: https://cdn-ubi.redhat.com/content/public/ubi/dist/ubi9/9/x86_64/appstream/os/Packages/p/pcre2-utf32-10.40-6.el9.x86_64.rpm
    repoid: ubi-9-for-x86_64-appstream-rpms
    size: 209174
    checksum: sha256:d50fc56a1e9710b3374826c82044d4624b6c5949db0178d5774f575a5fcd6934
    name: pcre2-utf32
    evr: 10.40-6.el9
    sourcerpm: pcre2-10.40-6.el9.src.rpm
  - url: https://cdn-ubi.redhat.com/content/public/ubi/dist/ubi9/9/x86_64/appstream/os/Packages/p/python-unversioned-command-3.9.23-2.el9.noarch.rpm
    repoid: ubi-9-for-x86_64-appstream-rpms
    size: 9209
    checksum: sha256:20ed4bbcb151aef651eb315825d3a02e0f6203ab1b858e94812258f5b41ce703
    name: python-unversioned-command
    evr: 3.9.23-2.el9
    sourcerpm: python3.9-3.9.23-2.el9.src.rpm
  - url: https://cdn-ubi.redhat.com/content/public/ubi/dist/ubi9/9/x86_64/appstream/os/Packages/s/sysprof-capture-devel-3.40.1-3.el9.x86_64.rpm
    repoid: ubi-9-for-x86_64-appstream-rpms
    size: 65413
    checksum: sha256:3006309779a18bde4fff7e633881218284a46584e4d529a14fbbc4bc0683ebae
    name: sysprof-capture-devel
    evr: 3.40.1-3.el9
    sourcerpm: sysprof-3.40.1-3.el9.src.rpm
  - url: https://cdn-ubi.redhat.com/content/public/ubi/dist/ubi9/9/x86_64/appstream/os/Packages/z/zlib-devel-1.2.11-40.el9.x86_64.rpm
    repoid: ubi-9-for-x86_64-appstream-rpms
    size: 48017
    checksum: sha256:9775022716a2b6dd51d151a40aa4a6bcb466edeb01b747f48072703e509be097
    name: zlib-devel
    evr: 1.2.11-40.el9
    sourcerpm: zlib-1.2.11-40.el9.src.rpm
  - url: https://cdn-ubi.redhat.com/content/public/ubi/dist/ubi9/9/x86_64/baseos/os/Packages/e/elfutils-libelf-0.193-1.el9.x86_64.rpm
    repoid: ubi-9-for-x86_64-baseos-rpms
    size: 209533
    checksum: sha256:c37308dadac722a4fc928cb4b919c0c5561c458169f754beb7375eb067012195
    name: elfutils-libelf
    evr: 0.193-1.el9
    sourcerpm: elfutils-0.193-1.el9.src.rpm
  - url: https://cdn-ubi.redhat.com/content/public/ubi/dist/ubi9/9/x86_64/baseos/os/Packages/e/expat-2.5.0-5.el9_7.1.x86_64.rpm
    repoid: ubi-9-for-x86_64-baseos-rpms
    size: 120241
    checksum: sha256:e8ce7bfb8667fc6e4d080f4cae71e175a25cc78b5389a41e3e2e05ffe8edeafe
    name: expat
    evr: 2.5.0-5.el9_7.1
    sourcerpm: expat-2.5.0-5.el9_7.1.src.rpm
  - url: https://cdn-ubi.redhat.com/content/public/ubi/dist/ubi9/9/x86_64/baseos/os/Packages/j/jq-1.6-19.el9.x86_64.rpm
    repoid: ubi-9-for-x86_64-baseos-rpms
    size: 191662
    checksum: sha256:6b4d82714813d7b4a3200bf2856a3c1493d186e9caa916d7a700ec25e4996462
    name: jq
    evr: 1.6-19.el9
    sourcerpm: jq-1.6-19.el9.src.rpm
  - url: https://cdn-ubi.redhat.com/content/public/ubi/dist/ubi9/9/x86_64/baseos/os/Packages/l/libpkgconf-1.7.3-10.el9.x86_64.rpm
    repoid: ubi-9-for-x86_64-baseos-rpms
    size: 38387
    checksum: sha256:4feae5941b73640bd86b8d506a657cac5b770043db1464fbcd207721b2159dda
    name: libpkgconf
    evr: 1.7.3-10.el9
    sourcerpm: pkgconf-1.7.3-10.el9.src.rpm
  - url: https://cdn-ubi.redhat.com/content/public/ubi/dist/ubi9/9/x86_64/baseos/os/Packages/p/pkgconf-1.7.3-10.el9.x86_64.rpm
    repoid: ubi-9-for-x86_64-baseos-rpms
    size: 45675
    checksum: sha256:bb47b4ecc499c308f41031a99e723827d152d5d750f59849d0c265d820944a26
    name: pkgconf
    evr: 1.7.3-10.el9
    sourcerpm: pkgconf-1.7.3-10.el9.src.rpm
  - url: https://cdn-ubi.redhat.com/content/public/ubi/dist/ubi9/9/x86_64/baseos/os/Packages/p/pkgconf-m4-1.7.3-10.el9.noarch.rpm
    repoid: ubi-9-for-x86_64-baseos-rpms
    size: 16054
    checksum: sha256:91bafd6e06099451f60288327b275cfcc651822f6145176a157c6b0fa5131e02
    name: pkgconf-m4
    evr: 1.7.3-10.el9
    sourcerpm: pkgconf-1.7.3-10.el9.src.rpm
  - url: https://cdn-ubi.redhat.com/content/public/ubi/dist/ubi9/9/x86_64/baseos/os/Packages/p/pkgconf-pkg-config-1.7.3-10.el9.x86_64.rpm
    repoid: ubi-9-for-x86_64-baseos-rpms
    size: 12438
    checksum: sha256:9a502d81d73d3303ceb53a06ad7ce525c97117ea64352174a33708bf3429283d
    name: pkgconf-pkg-config
    evr: 1.7.3-10.el9
    sourcerpm: pkgconf-1.7.3-10.el9.src.rpm
  - url: https://cdn-ubi.redhat.com/content/public/ubi/dist/ubi9/9/x86_64/baseos/os/Packages/p/python3-3.9.23-2.el9.x86_64.rpm
    repoid: ubi-9-for-x86_64-baseos-rpms
    size: 26265
    checksum: sha256:b25fcb3b9d37193b8b2f6638fab40db6679cc81bfbf7799869b472d04f7051c8
    name: python3
    evr: 3.9.23-2.el9
    sourcerpm: python3.9-3.9.23-2.el9.src.rpm
  - url: https://cdn-ubi.redhat.com/content/public/ubi/dist/ubi9/9/x86_64/baseos/os/Packages/p/python3-libs-3.9.23-2.el9.x86_64.rpm
    repoid: ubi-9-for-x86_64-baseos-rpms
    size: 8473618
    checksum: sha256:23e63da66e2e0a96481cc839d905de23a9a4b1a8986c9b0659fb78767f8edf9a
    name: python3-libs
    evr: 3.9.23-2.el9
    sourcerpm: python3.9-3.9.23-2.el9.src.rpm
  - url: https://cdn-ubi.redhat.com/content/public/ubi/dist/ubi9/9/x86_64/baseos/os/Packages/p/python3-pip-wheel-21.3.1-1.el9.noarch.rpm
    repoid: ubi-9-for-x86_64-baseos-rpms
    size: 1193706
    checksum: sha256:75c46aab03898c66ce16be556432b71aed7efcedce02b9263339c14f57b4fdc0
    name: python3-pip-wheel
    evr: 21.3.1-1.el9
    sourcerpm: python-pip-21.3.1-1.el9.src.rpm
  - url: https://cdn-ubi.redhat.com/content/public/ubi/dist/ubi9/9/x86_64/baseos/os/Packages/p/python3-setuptools-wheel-53.0.0-15.el9.noarch.rpm
    repoid: ubi-9-for-x86_64-baseos-rpms
    size: 479203
    checksum: sha256:36dacb345e21bc0308ef2508f0c93995520a15ef0b56aab3593186c8dc9c0c5a
    name: python3-setuptools-wheel
    evr: 53.0.0-15.el9
    sourcerpm: python-setuptools-53.0.0-15.el9.src.rpm
  - url: https://cdn-ubi.redhat.com/content/public/ubi/dist/ubi9/9/x86_64/codeready-builder/os/Packages/g/gpgme-devel-1.15.1-6.el9.x86_64.rpm
    repoid: codeready-builder-for-ubi-9-x86_64-rpms
    size: 170873
    checksum: sha256:864381afbdbdcf4a625a14643b5775a5b9b6b0724c342cd743a2dc350aedddd2
    name: gpgme-devel
    evr: 1.15.1-6.el9
    sourcerpm: gpgme-1.15.1-6.el9.src.rpm
  - url: https://cdn-ubi.redhat.com/content/public/ubi/dist/ubi9/9/x86_64/codeready-builder/os/Packages/l/libassuan-devel-2.5.5-3.el9.x86_64.rpm
    repoid: codeready-builder-for-ubi-9-x86_64-rpms
    size: 66633
    checksum: sha256:232bccdb2c45f2ceafae2fa138c18d6aba5c953d9eee0aab2f8fc078b9b4b4a4
    name: libassuan-devel
    evr: 2.5.5-3.el9
    sourcerpm: libassuan-2.5.5-3.el9.src.rpm
  source: []
  module_metadata: []
